
Microsoft Visual Studio Solution File, Format Version 12.00
# Visual Studio 15
VisualStudioVersion = 15.0.28307.329
MinimumVisualStudioVersion = 10.0.40219.1
Project("{FAE04EC0-301F-11D3-BF4B-00C04F79EFBC}") = "Module04Project1", "Module04Project1\Module04Project1.csproj", "{867226DD-07A2-42D0-9B0B-E627D7923563}"
EndProject
Global
	GlobalSection(SolutionConfigurationPlatforms) = preSolution
		Debug|Any CPU = Debug|Any CPU
		Release|Any CPU = Release|Any CPU
	EndGlobalSection
	GlobalSection(ProjectConfigurationPlatforms) = postSolution
		{867226DD-07A2-42D0-9B0B-E627D7923563}.Debug|Any CPU.ActiveCfg = Debug|Any CPU
		{867226DD-07A2-42D0-9B0B-E627D7923563}.Debug|Any CPU.Build.0 = Debug|Any CPU
		{867226DD-07A2-42D0-9B0B-E627D7923563}.Release|Any CPU.ActiveCfg = Release|Any CPU
		{867226DD-07A2-42D0-9B0B-E627D7923563}.Release|Any CPU.Build.0 = Release|Any CPU
	EndGlobalSection
	GlobalSection(SolutionProperties) = preSolution
		HideSolutionNode = FALSE
	EndGlobalSection
	GlobalSection(ExtensibilityGlobals) = postSolution
		SolutionGuid = {837B138B-E455-44AC-ACCB-E15192C2D6FF}
	EndGlobalSection
EndGlobal
