
Microsoft Visual Studio Solution File, Format Version 12.00
# Visual Studio 15
VisualStudioVersion = 15.0.28307.329
MinimumVisualStudioVersion = 10.0.40219.1
Project("{FAE04EC0-301F-11D3-BF4B-00C04F79EFBC}") = "Module04Project2", "Module04Project2\Module04Project2.csproj", "{29B7F43C-2A7C-4F39-A76D-C5435FB53B8F}"
EndProject
Global
	GlobalSection(SolutionConfigurationPlatforms) = preSolution
		Debug|Any CPU = Debug|Any CPU
		Release|Any CPU = Release|Any CPU
	EndGlobalSection
	GlobalSection(ProjectConfigurationPlatforms) = postSolution
		{29B7F43C-2A7C-4F39-A76D-C5435FB53B8F}.Debug|Any CPU.ActiveCfg = Debug|Any CPU
		{29B7F43C-2A7C-4F39-A76D-C5435FB53B8F}.Debug|Any CPU.Build.0 = Debug|Any CPU
		{29B7F43C-2A7C-4F39-A76D-C5435FB53B8F}.Release|Any CPU.ActiveCfg = Release|Any CPU
		{29B7F43C-2A7C-4F39-A76D-C5435FB53B8F}.Release|Any CPU.Build.0 = Release|Any CPU
	EndGlobalSection
	GlobalSection(SolutionProperties) = preSolution
		HideSolutionNode = FALSE
	EndGlobalSection
	GlobalSection(ExtensibilityGlobals) = postSolution
		SolutionGuid = {AB9118FE-03A2-4EB1-8CA8-124EFBB9B53D}
	EndGlobalSection
EndGlobal
